
Microsoft Visual Studio Solution File, Format Version 12.00
# Visual Studio 15
VisualStudioVersion = 15.0.28010.2041
MinimumVisualStudioVersion = 10.0.40219.1
Project("{FAE04EC0-301F-11D3-BF4B-00C04F79EFBC}") = "WordWebAddIn Ejemplo 1", "WordWebAddIn Ejemplo 1\WordWebAddIn Ejemplo 1.csproj", "{ADDD2427-6105-4DE5-A757-5A57F5482685}"
EndProject
Project("{FAE04EC0-301F-11D3-BF4B-00C04F79EFBC}") = "WordWebAddIn Ejemplo 1Web", "WordWebAddIn Ejemplo 1Web\WordWebAddIn Ejemplo 1Web.csproj", "{15D2515C-4725-41ED-83D4-F257051E3A04}"
EndProject
Global
	GlobalSection(SolutionConfigurationPlatforms) = preSolution
		Debug|Any CPU = Debug|Any CPU
		Release|Any CPU = Release|Any CPU
	EndGlobalSection
	GlobalSection(ProjectConfigurationPlatforms) = postSolution
		{ADDD2427-6105-4DE5-A757-5A57F5482685}.Debug|Any CPU.ActiveCfg = Debug|Any CPU
		{ADDD2427-6105-4DE5-A757-5A57F5482685}.Debug|Any CPU.Build.0 = Debug|Any CPU
		{ADDD2427-6105-4DE5-A757-5A57F5482685}.Debug|Any CPU.Deploy.0 = Debug|Any CPU
		{ADDD2427-6105-4DE5-A757-5A57F5482685}.Release|Any CPU.ActiveCfg = Release|Any CPU
		{ADDD2427-6105-4DE5-A757-5A57F5482685}.Release|Any CPU.Build.0 = Release|Any CPU
		{ADDD2427-6105-4DE5-A757-5A57F5482685}.Release|Any CPU.Deploy.0 = Release|Any CPU
		{15D2515C-4725-41ED-83D4-F257051E3A04}.Debug|Any CPU.ActiveCfg = Debug|Any CPU
		{15D2515C-4725-41ED-83D4-F257051E3A04}.Debug|Any CPU.Build.0 = Debug|Any CPU
		{15D2515C-4725-41ED-83D4-F257051E3A04}.Release|Any CPU.ActiveCfg = Release|Any CPU
		{15D2515C-4725-41ED-83D4-F257051E3A04}.Release|Any CPU.Build.0 = Release|Any CPU
	EndGlobalSection
	GlobalSection(SolutionProperties) = preSolution
		HideSolutionNode = FALSE
	EndGlobalSection
	GlobalSection(ExtensibilityGlobals) = postSolution
		SolutionGuid = {75129632-C419-42C0-B1F5-9447B36BD036}
	EndGlobalSection
EndGlobal
